<?xml version="1.0" encoding="utf-8"?>
<Project ToolsVersion="4.0" xmlns="http://schemas.microsoft.com/developer/msbuild/2003">
  <ItemGroup>
    <Filter Include="Source Files">
      <UniqueIdentifier>{4FC737F1-C7A5-4376-A066-2A32D752A2FF}</UniqueIdentifier>
      <Extensions>cpp;c;cc;cxx;c++;cppm;ixx;def;odl;idl;hpj;bat;asm;asmx</Extensions>
    </Filter>
    <Filter Include="Header Files">
      <UniqueIdentifier>{93995380-89BD-4b04-88EB-625FBE52EBFB}</UniqueIdentifier>
      <Extensions>h;hh;hpp;hxx;h++;hm;inl;inc;ipp;xsd</Extensions>
    </Filter>
    <Filter Include="Resource Files">
      <UniqueIdentifier>{67DA6AB6-F800-4c08-8B7A-83BB121AAD01}</UniqueIdentifier>
      <Extensions>rc;ico;cur;bmp;dlg;rc2;rct;bin;rgs;gif;jpg;jpeg;jpe;resx;tiff;tif;png;wav;mfcribbon-ms</Extensions>
    </Filter>
    <Filter Include="Maps">
      <UniqueIdentifier>{2e1483ff-b7a1-4e1e-a26d-8bba8f19874f}</UniqueIdentifier>
    </Filter>
    <Filter Include="Source Files\WorldFields">
      <UniqueIdentifier>{6eca1ad0-d807-4cc0-b111-a1893531f254}</UniqueIdentifier>
    </Filter>
    <Filter Include="Header Files\WorldFields">
      <UniqueIdentifier>{a5855a50-544f-4306-896f-ff22a6c04ff1}</UniqueIdentifier>
    </Filter>
    <Filter Include="Header Files\GameModes">
      <UniqueIdentifier>{7cc65350-6a98-4ec4-b78a-b4160aa04da6}</UniqueIdentifier>
    </Filter>
    <Filter Include="Header Files\UserInputs">
      <UniqueIdentifier>{d752c7f7-bf01-469f-991b-198777b80ce6}</UniqueIdentifier>
    </Filter>
    <Filter Include="Source Files\UserInputs">
      <UniqueIdentifier>{8e57d411-a285-4213-adc7-cfcd1195a036}</UniqueIdentifier>
    </Filter>
    <Filter Include="Maps\City1">
      <UniqueIdentifier>{f7ad176d-8876-4a6c-a431-9b046ef64467}</UniqueIdentifier>
    </Filter>
    <Filter Include="Maps\City2">
      <UniqueIdentifier>{8f9080fa-6107-4833-b43b-44108d18bfa0}</UniqueIdentifier>
    </Filter>
    <Filter Include="Maps\City3">
      <UniqueIdentifier>{4e5d9e36-9936-4b3b-8323-5b5e2890faeb}</UniqueIdentifier>
    </Filter>
    <Filter Include="Maps\Area2">
      <UniqueIdentifier>{1473d1d5-6e6b-49ab-9703-9adfdd9bcf8e}</UniqueIdentifier>
    </Filter>
    <Filter Include="Maps\StartingVillage">
      <UniqueIdentifier>{0d2f1284-e72d-4a03-8cd1-5fa803bb8108}</UniqueIdentifier>
    </Filter>
    <Filter Include="Maps\Area1">
      <UniqueIdentifier>{d180b5f6-fac8-4046-b103-abf8d3b6c1dd}</UniqueIdentifier>
    </Filter>
    <Filter Include="Header Files\Fight">
      <UniqueIdentifier>{fce49bdf-52d1-4685-b4fc-93d6edeb97ff}</UniqueIdentifier>
    </Filter>
    <Filter Include="Source Files\Fight">
      <UniqueIdentifier>{4c7d2346-9056-43d1-8c35-63805b0927ab}</UniqueIdentifier>
    </Filter>
    <Filter Include="Savefiles">
      <UniqueIdentifier>{9559161e-b391-49a9-851d-48943124db1b}</UniqueIdentifier>
    </Filter>
    <Filter Include="Source Files\GameModes">
      <UniqueIdentifier>{84646a4d-bab2-4788-9aaf-9c6084be92bf}</UniqueIdentifier>
    </Filter>
  </ItemGroup>
  <ItemGroup>
    <ClCompile Include="SS2023-itp-console-rpg.cpp">
      <Filter>Source Files</Filter>
    </ClCompile>
    <ClCompile Include="Player.cpp">
      <Filter>Source Files</Filter>
    </ClCompile>
    <ClCompile Include="WorldField.cpp">
      <Filter>Source Files\WorldFields</Filter>
    </ClCompile>
    <ClCompile Include="Screen.cpp">
      <Filter>Source Files</Filter>
    </ClCompile>
    <ClCompile Include="Game.cpp">
      <Filter>Source Files</Filter>
    </ClCompile>
    <ClCompile Include="GameMode.cpp">
      <Filter>Source Files\GameModes</Filter>
    </ClCompile>
    <ClCompile Include="MoveMode.cpp">
      <Filter>Source Files\GameModes</Filter>
    </ClCompile>
    <ClCompile Include="UserInput.cpp">
      <Filter>Source Files\UserInputs</Filter>
    </ClCompile>
    <ClCompile Include="MoveInput.cpp">
      <Filter>Source Files\UserInputs</Filter>
    </ClCompile>
    <ClCompile Include="BlacksmithField.cpp">
      <Filter>Source Files\WorldFields</Filter>
    </ClCompile>
    <ClCompile Include="BlockField.cpp">
      <Filter>Source Files\WorldFields</Filter>
    </ClCompile>
    <ClCompile Include="EmptyField.cpp">
      <Filter>Source Files\WorldFields</Filter>
    </ClCompile>
    <ClCompile Include="ExitField.cpp">
      <Filter>Source Files\WorldFields</Filter>
    </ClCompile>
    <ClCompile Include="InnField.cpp">
      <Filter>Source Files\WorldFields</Filter>
    </ClCompile>
    <ClCompile Include="NpcField.cpp">
      <Filter>Source Files\WorldFields</Filter>
    </ClCompile>
    <ClCompile Include="ShopField.cpp">
      <Filter>Source Files\WorldFields</Filter>
    </ClCompile>
    <ClCompile Include="TransitionField.cpp">
      <Filter>Source Files\WorldFields</Filter>
    </ClCompile>
    <ClCompile Include="HouseField.cpp">
      <Filter>Source Files\WorldFields</Filter>
    </ClCompile>
    <ClCompile Include="Ability.cpp">
      <Filter>Source Files\Fight</Filter>
    </ClCompile>
    <ClCompile Include="Ally.cpp">
      <Filter>Source Files\Fight</Filter>
    </ClCompile>
    <ClCompile Include="DefaultAttack.cpp">
      <Filter>Source Files\Fight</Filter>
    </ClCompile>
    <ClCompile Include="Enemy.cpp">
      <Filter>Source Files\Fight</Filter>
    </ClCompile>
    <ClCompile Include="Entity.cpp">
      <Filter>Source Files\Fight</Filter>
    </ClCompile>
    <ClCompile Include="FightMode.cpp">
      <Filter>Source Files\GameModes</Filter>
    </ClCompile>
    <ClCompile Include="Team.cpp">
      <Filter>Source Files\Fight</Filter>
    </ClCompile>
    <ClCompile Include="UIManager.cpp">
      <Filter>Source Files</Filter>
    </ClCompile>
    <ClCompile Include="BoundaryField.cpp">
      <Filter>Source Files\WorldFields</Filter>
    </ClCompile>
  </ItemGroup>
  <ItemGroup>
    <ClInclude Include="defines.h">
      <Filter>Header Files</Filter>
    </ClInclude>
    <ClInclude Include="Position.h">
      <Filter>Header Files</Filter>
    </ClInclude>
    <ClInclude Include="Player.h">
      <Filter>Header Files</Filter>
    </ClInclude>
    <ClInclude Include="Screen.h">
      <Filter>Header Files</Filter>
    </ClInclude>
    <ClInclude Include="Game.h">
      <Filter>Header Files</Filter>
    </ClInclude>
    <ClInclude Include="GameMode.h">
      <Filter>Header Files\GameModes</Filter>
    </ClInclude>
    <ClInclude Include="MoveMode.h">
      <Filter>Header Files\GameModes</Filter>
    </ClInclude>
    <ClInclude Include="UserInput.h">
      <Filter>Header Files\UserInputs</Filter>
    </ClInclude>
    <ClInclude Include="Command.h">
      <Filter>Header Files\UserInputs</Filter>
    </ClInclude>
    <ClInclude Include="MoveInput.h">
      <Filter>Header Files\UserInputs</Filter>
    </ClInclude>
    <ClInclude Include="HouseField.h">
      <Filter>Header Files\WorldFields</Filter>
    </ClInclude>
    <ClInclude Include="BlacksmithField.h">
      <Filter>Header Files\WorldFields</Filter>
    </ClInclude>
    <ClInclude Include="BlockField.h">
      <Filter>Header Files\WorldFields</Filter>
    </ClInclude>
    <ClInclude Include="EmptyField.h">
      <Filter>Header Files\WorldFields</Filter>
    </ClInclude>
    <ClInclude Include="ExitField.h">
      <Filter>Header Files\WorldFields</Filter>
    </ClInclude>
    <ClInclude Include="InnField.h">
      <Filter>Header Files\WorldFields</Filter>
    </ClInclude>
    <ClInclude Include="NpcField.h">
      <Filter>Header Files\WorldFields</Filter>
    </ClInclude>
    <ClInclude Include="ShopField.h">
      <Filter>Header Files\WorldFields</Filter>
    </ClInclude>
    <ClInclude Include="TransitionField.h">
      <Filter>Header Files\WorldFields</Filter>
    </ClInclude>
    <ClInclude Include="BoundaryField.h">
      <Filter>Header Files\WorldFields</Filter>
    </ClInclude>
    <ClInclude Include="WorldField.h">
      <Filter>Header Files\WorldFields</Filter>
    </ClInclude>
    <ClInclude Include="Ability.h">
      <Filter>Header Files\Fight</Filter>
    </ClInclude>
    <ClInclude Include="Ally.h">
      <Filter>Header Files\Fight</Filter>
    </ClInclude>
    <ClInclude Include="Enemy.h">
      <Filter>Header Files\Fight</Filter>
    </ClInclude>
    <ClInclude Include="Entity.h">
      <Filter>Header Files\Fight</Filter>
    </ClInclude>
    <ClInclude Include="Team.h">
      <Filter>Header Files\Fight</Filter>
    </ClInclude>
    <ClInclude Include="DefaultAttack.h">
      <Filter>Header Files\Fight</Filter>
    </ClInclude>
    <ClInclude Include="FightMode.h">
      <Filter>Header Files\GameModes</Filter>
    </ClInclude>
    <ClInclude Include="UIManager.h">
      <Filter>Header Files</Filter>
    </ClInclude>
  </ItemGroup>
  <ItemGroup>
    <Text Include="Maps\City_1_1.txt">
      <Filter>Maps\City1</Filter>
    </Text>
    <Text Include="Maps\City_1_2.txt">
      <Filter>Maps\City1</Filter>
    </Text>
    <Text Include="Maps\City_1_3.txt">
      <Filter>Maps\City1</Filter>
    </Text>
    <Text Include="Maps\City_1_4.txt">
      <Filter>Maps\City1</Filter>
    </Text>
    <Text Include="Maps\City_1_5.txt">
      <Filter>Maps\City1</Filter>
    </Text>
    <Text Include="Maps\City_1_6.txt">
      <Filter>Maps\City1</Filter>
    </Text>
    <Text Include="Maps\City_2_1.txt">
      <Filter>Maps\City2</Filter>
    </Text>
    <Text Include="Maps\City_2_2.txt">
      <Filter>Maps\City2</Filter>
    </Text>
    <Text Include="Maps\City_2_3.txt">
      <Filter>Maps\City2</Filter>
    </Text>
    <Text Include="Maps\City_2_4.txt">
      <Filter>Maps\City2</Filter>
    </Text>
    <Text Include="Maps\City_3_1.txt">
      <Filter>Maps\City3</Filter>
    </Text>
    <Text Include="Maps\City_3_2.txt">
      <Filter>Maps\City3</Filter>
    </Text>
    <Text Include="Maps\City_3_3.txt">
      <Filter>Maps\City3</Filter>
    </Text>
    <Text Include="Maps\Area_2_1.txt">
      <Filter>Maps\Area2</Filter>
    </Text>
    <Text Include="Maps\Area_2_2.txt">
      <Filter>Maps\Area2</Filter>
    </Text>
    <Text Include="Maps\Area_2_3.txt">
      <Filter>Maps\Area2</Filter>
    </Text>
    <Text Include="Maps\Area_2_4.txt">
      <Filter>Maps\Area2</Filter>
    </Text>
    <Text Include="Maps\Area_2_5.txt">
      <Filter>Maps\Area2</Filter>
    </Text>
    <Text Include="Maps\Area_2_6.txt">
      <Filter>Maps\Area2</Filter>
    </Text>
    <Text Include="Maps\Area_2_7.txt">
      <Filter>Maps\Area2</Filter>
    </Text>
    <Text Include="Maps\Area_2_8.txt">
      <Filter>Maps\Area2</Filter>
    </Text>
    <Text Include="Maps\Village_1.txt">
      <Filter>Maps\StartingVillage</Filter>
    </Text>
    <Text Include="Maps\Village_2.txt">
      <Filter>Maps\StartingVillage</Filter>
    </Text>
    <Text Include="Maps\Village_1.txt">
      <Filter>Maps</Filter>
    </Text>
    <Text Include="Maps\Village_2.txt">
      <Filter>Maps</Filter>
    </Text>
    <Text Include="Maps\Area_1_6.txt">
      <Filter>Maps\Area1</Filter>
    </Text>
    <Text Include="Maps\Area_1_1.txt">
      <Filter>Maps\Area1</Filter>
    </Text>
    <Text Include="Maps\Area_1_2.txt">
      <Filter>Maps\Area1</Filter>
    </Text>
    <Text Include="Maps\Area_1_3.txt">
      <Filter>Maps\Area1</Filter>
    </Text>
    <Text Include="Maps\Area_1_4.txt">
      <Filter>Maps\Area1</Filter>
    </Text>
    <Text Include="Maps\Area_1_5.txt">
      <Filter>Maps\Area1</Filter>
    </Text>
    <Text Include="Savefiles\save.txt">
      <Filter>Savefiles</Filter>
    </Text>
  </ItemGroup>
</Project>